
Microsoft Visual Studio Solution File, Format Version 12.00
Project("{FAE04EC0-301F-11D3-BF4B-00C04F79EFBC}") = "PocketCroosAdviser", "PocketCroosAdviser\PocketCroosAdviser\PocketCroosAdviser.csproj", "{5FA96389-D1B7-44A7-8386-A44DCB00CEB2}"
EndProject
Project("{FAE04EC0-301F-11D3-BF4B-00C04F79EFBC}") = "PocketCroosAdviser.Desktop", "PocketCroosAdviser\PocketCroosAdviser.Desktop\PocketCroosAdviser.Desktop.csproj", "{3389D0FA-F6DD-4F96-B834-878114A3028F}"
EndProject
Project("{FAE04EC0-301F-11D3-BF4B-00C04F79EFBC}") = "PocketCroosAdviser.iOS", "PocketCroosAdviser\PocketCroosAdviser.iOS\PocketCroosAdviser.iOS.csproj", "{BB5D8F74-6B91-45A3-A431-4B11E1F60510}"
EndProject
Project("{FAE04EC0-301F-11D3-BF4B-00C04F79EFBC}") = "PocketCroosAdviser.Browser", "PocketCroosAdviser\PocketCroosAdviser.Browser\PocketCroosAdviser.Browser.csproj", "{C308B940-949D-42C7-B27C-8B49D5ADB644}"
EndProject
Global
	GlobalSection(SolutionConfigurationPlatforms) = preSolution
		Debug|Any CPU = Debug|Any CPU
		Release|Any CPU = Release|Any CPU
	EndGlobalSection
	GlobalSection(ProjectConfigurationPlatforms) = postSolution
		{5FA96389-D1B7-44A7-8386-A44DCB00CEB2}.Debug|Any CPU.ActiveCfg = Debug|Any CPU
		{5FA96389-D1B7-44A7-8386-A44DCB00CEB2}.Debug|Any CPU.Build.0 = Debug|Any CPU
		{5FA96389-D1B7-44A7-8386-A44DCB00CEB2}.Release|Any CPU.ActiveCfg = Release|Any CPU
		{5FA96389-D1B7-44A7-8386-A44DCB00CEB2}.Release|Any CPU.Build.0 = Release|Any CPU
		{3389D0FA-F6DD-4F96-B834-878114A3028F}.Debug|Any CPU.ActiveCfg = Debug|Any CPU
		{3389D0FA-F6DD-4F96-B834-878114A3028F}.Debug|Any CPU.Build.0 = Debug|Any CPU
		{3389D0FA-F6DD-4F96-B834-878114A3028F}.Release|Any CPU.ActiveCfg = Release|Any CPU
		{3389D0FA-F6DD-4F96-B834-878114A3028F}.Release|Any CPU.Build.0 = Release|Any CPU
		{BB5D8F74-6B91-45A3-A431-4B11E1F60510}.Debug|Any CPU.ActiveCfg = Debug|Any CPU
		{BB5D8F74-6B91-45A3-A431-4B11E1F60510}.Debug|Any CPU.Build.0 = Debug|Any CPU
		{BB5D8F74-6B91-45A3-A431-4B11E1F60510}.Debug|Any CPU.Deploy.0 = Debug|Any CPU
		{BB5D8F74-6B91-45A3-A431-4B11E1F60510}.Release|Any CPU.ActiveCfg = Release|Any CPU
		{BB5D8F74-6B91-45A3-A431-4B11E1F60510}.Release|Any CPU.Build.0 = Release|Any CPU
		{BB5D8F74-6B91-45A3-A431-4B11E1F60510}.Release|Any CPU.Deploy.0 = Release|Any CPU
		{C308B940-949D-42C7-B27C-8B49D5ADB644}.Debug|Any CPU.ActiveCfg = Debug|Any CPU
		{C308B940-949D-42C7-B27C-8B49D5ADB644}.Debug|Any CPU.Build.0 = Debug|Any CPU
		{C308B940-949D-42C7-B27C-8B49D5ADB644}.Release|Any CPU.ActiveCfg = Release|Any CPU
		{C308B940-949D-42C7-B27C-8B49D5ADB644}.Release|Any CPU.Build.0 = Release|Any CPU
	EndGlobalSection
EndGlobal
